
Microsoft Visual Studio Solution File, Format Version 12.00
# Visual Studio Version 17
VisualStudioVersion = 17.2.32516.85
MinimumVisualStudioVersion = 10.0.40219.1
Project("{FAE04EC0-301F-11D3-BF4B-00C04F79EFBC}") = "NewStart", "NewStart.csproj", "{206741B4-0CED-413D-971D-122D0646E495}"
EndProject
Global
	GlobalSection(SolutionConfigurationPlatforms) = preSolution
		Debug|Any CPU = Debug|Any CPU
		Release|Any CPU = Release|Any CPU
	EndGlobalSection
	GlobalSection(ProjectConfigurationPlatforms) = postSolution
		{206741B4-0CED-413D-971D-122D0646E495}.Debug|Any CPU.ActiveCfg = Debug|Any CPU
		{206741B4-0CED-413D-971D-122D0646E495}.Debug|Any CPU.Build.0 = Debug|Any CPU
		{206741B4-0CED-413D-971D-122D0646E495}.Release|Any CPU.ActiveCfg = Release|Any CPU
		{206741B4-0CED-413D-971D-122D0646E495}.Release|Any CPU.Build.0 = Release|Any CPU
	EndGlobalSection
	GlobalSection(SolutionProperties) = preSolution
		HideSolutionNode = FALSE
	EndGlobalSection
	GlobalSection(ExtensibilityGlobals) = postSolution
		SolutionGuid = {1F84F7CC-DDF4-4B0F-A762-F7B32DE3F9F2}
	EndGlobalSection
EndGlobal
