
Microsoft Visual Studio Solution File, Format Version 12.00
# Visual Studio Version 17
VisualStudioVersion = 17.2.32516.85
MinimumVisualStudioVersion = 10.0.40219.1
Project("{FAE04EC0-301F-11D3-BF4B-00C04F79EFBC}") = "DP_Singleton", "DP_Singleton.csproj", "{2D8A6484-5635-45FB-848F-DDB743E37DE1}"
EndProject
Global
	GlobalSection(SolutionConfigurationPlatforms) = preSolution
		Debug|Any CPU = Debug|Any CPU
		Release|Any CPU = Release|Any CPU
	EndGlobalSection
	GlobalSection(ProjectConfigurationPlatforms) = postSolution
		{2D8A6484-5635-45FB-848F-DDB743E37DE1}.Debug|Any CPU.ActiveCfg = Debug|Any CPU
		{2D8A6484-5635-45FB-848F-DDB743E37DE1}.Debug|Any CPU.Build.0 = Debug|Any CPU
		{2D8A6484-5635-45FB-848F-DDB743E37DE1}.Release|Any CPU.ActiveCfg = Release|Any CPU
		{2D8A6484-5635-45FB-848F-DDB743E37DE1}.Release|Any CPU.Build.0 = Release|Any CPU
	EndGlobalSection
	GlobalSection(SolutionProperties) = preSolution
		HideSolutionNode = FALSE
	EndGlobalSection
	GlobalSection(ExtensibilityGlobals) = postSolution
		SolutionGuid = {396C6DD9-E3F8-4969-BDB9-659A3D3D3F2E}
	EndGlobalSection
EndGlobal
